
Microsoft Visual Studio Solution File, Format Version 12.00
# Visual Studio Version 17
VisualStudioVersion = 17.0.32014.148
MinimumVisualStudioVersion = 10.0.40219.1
Project("{2150E333-8FDC-42A3-9474-1A3956D46DE8}") = "Services", "Services", "{54B5281C-9EBD-46D2-88F7-83442AD63B6F}"
EndProject
Project("{2150E333-8FDC-42A3-9474-1A3956D46DE8}") = "Catalog", "Catalog", "{6ACB294E-EB16-46E6-87FB-C2604E3DE0FB}"
EndProject
Project("{9A19103F-16F7-4668-BE54-9A1E7A4F7556}") = "Catalog.API", "Services\Catalog\Catalog.API\Catalog.API.csproj", "{E62B3807-C991-4039-BE3E-CC059A018AA4}"
EndProject
Project("{E53339B2-1760-4266-BCC7-CA923CBCF16C}") = "docker-compose", "docker-compose.dcproj", "{AC9F3B46-B17F-4726-9F37-79D84050E360}"
EndProject
Project("{2150E333-8FDC-42A3-9474-1A3956D46DE8}") = "Basket", "Basket", "{9F484257-CD27-4B46-BA49-3BC46C2E97B5}"
EndProject
Project("{9A19103F-16F7-4668-BE54-9A1E7A4F7556}") = "Basket.API", "Services\Basket\Basket.API\Basket.API.csproj", "{416DF031-C838-43DA-844B-FD388381471C}"
EndProject
Project("{2150E333-8FDC-42A3-9474-1A3956D46DE8}") = "Discount", "Discount", "{94EE20BC-467F-46E7-9DE6-4409571F3C79}"
EndProject
Project("{9A19103F-16F7-4668-BE54-9A1E7A4F7556}") = "Discount.API", "Services\Discount\Discount.API\Discount.API.csproj", "{4621AE6C-728B-4BB0-B175-58ADFA9D7251}"
EndProject
Project("{9A19103F-16F7-4668-BE54-9A1E7A4F7556}") = "Discount.Grpc", "Services\Discount\Discount.Grpc\Discount.Grpc.csproj", "{8E4EA7BE-882B-41EB-96E3-0C2D086C9C12}"
EndProject
Project("{2150E333-8FDC-42A3-9474-1A3956D46DE8}") = "Ordering", "Ordering", "{DAFE641C-2943-4405-9BB2-9C2AB53862CC}"
EndProject
Project("{FAE04EC0-301F-11D3-BF4B-00C04F79EFBC}") = "Ordering.API", "Services\Ordering\Ordering.API\Ordering.API.csproj", "{3099C609-1FAF-41F6-9E51-D73140551DD7}"
EndProject
Global
	GlobalSection(SolutionConfigurationPlatforms) = preSolution
		Debug|Any CPU = Debug|Any CPU
		Release|Any CPU = Release|Any CPU
	EndGlobalSection
	GlobalSection(ProjectConfigurationPlatforms) = postSolution
		{E62B3807-C991-4039-BE3E-CC059A018AA4}.Debug|Any CPU.ActiveCfg = Debug|Any CPU
		{E62B3807-C991-4039-BE3E-CC059A018AA4}.Debug|Any CPU.Build.0 = Debug|Any CPU
		{E62B3807-C991-4039-BE3E-CC059A018AA4}.Release|Any CPU.ActiveCfg = Release|Any CPU
		{E62B3807-C991-4039-BE3E-CC059A018AA4}.Release|Any CPU.Build.0 = Release|Any CPU
		{AC9F3B46-B17F-4726-9F37-79D84050E360}.Debug|Any CPU.ActiveCfg = Debug|Any CPU
		{AC9F3B46-B17F-4726-9F37-79D84050E360}.Debug|Any CPU.Build.0 = Debug|Any CPU
		{AC9F3B46-B17F-4726-9F37-79D84050E360}.Release|Any CPU.ActiveCfg = Release|Any CPU
		{AC9F3B46-B17F-4726-9F37-79D84050E360}.Release|Any CPU.Build.0 = Release|Any CPU
		{416DF031-C838-43DA-844B-FD388381471C}.Debug|Any CPU.ActiveCfg = Debug|Any CPU
		{416DF031-C838-43DA-844B-FD388381471C}.Debug|Any CPU.Build.0 = Debug|Any CPU
		{416DF031-C838-43DA-844B-FD388381471C}.Release|Any CPU.ActiveCfg = Release|Any CPU
		{416DF031-C838-43DA-844B-FD388381471C}.Release|Any CPU.Build.0 = Release|Any CPU
		{4621AE6C-728B-4BB0-B175-58ADFA9D7251}.Debug|Any CPU.ActiveCfg = Debug|Any CPU
		{4621AE6C-728B-4BB0-B175-58ADFA9D7251}.Debug|Any CPU.Build.0 = Debug|Any CPU
		{4621AE6C-728B-4BB0-B175-58ADFA9D7251}.Release|Any CPU.ActiveCfg = Release|Any CPU
		{4621AE6C-728B-4BB0-B175-58ADFA9D7251}.Release|Any CPU.Build.0 = Release|Any CPU
		{8E4EA7BE-882B-41EB-96E3-0C2D086C9C12}.Debug|Any CPU.ActiveCfg = Debug|Any CPU
		{8E4EA7BE-882B-41EB-96E3-0C2D086C9C12}.Debug|Any CPU.Build.0 = Debug|Any CPU
		{8E4EA7BE-882B-41EB-96E3-0C2D086C9C12}.Release|Any CPU.ActiveCfg = Release|Any CPU
		{8E4EA7BE-882B-41EB-96E3-0C2D086C9C12}.Release|Any CPU.Build.0 = Release|Any CPU
		{3099C609-1FAF-41F6-9E51-D73140551DD7}.Debug|Any CPU.ActiveCfg = Debug|Any CPU
		{3099C609-1FAF-41F6-9E51-D73140551DD7}.Debug|Any CPU.Build.0 = Debug|Any CPU
		{3099C609-1FAF-41F6-9E51-D73140551DD7}.Release|Any CPU.ActiveCfg = Release|Any CPU
		{3099C609-1FAF-41F6-9E51-D73140551DD7}.Release|Any CPU.Build.0 = Release|Any CPU
	EndGlobalSection
	GlobalSection(SolutionProperties) = preSolution
		HideSolutionNode = FALSE
	EndGlobalSection
	GlobalSection(NestedProjects) = preSolution
		{6ACB294E-EB16-46E6-87FB-C2604E3DE0FB} = {54B5281C-9EBD-46D2-88F7-83442AD63B6F}
		{E62B3807-C991-4039-BE3E-CC059A018AA4} = {6ACB294E-EB16-46E6-87FB-C2604E3DE0FB}
		{9F484257-CD27-4B46-BA49-3BC46C2E97B5} = {54B5281C-9EBD-46D2-88F7-83442AD63B6F}
		{416DF031-C838-43DA-844B-FD388381471C} = {9F484257-CD27-4B46-BA49-3BC46C2E97B5}
		{94EE20BC-467F-46E7-9DE6-4409571F3C79} = {54B5281C-9EBD-46D2-88F7-83442AD63B6F}
		{4621AE6C-728B-4BB0-B175-58ADFA9D7251} = {94EE20BC-467F-46E7-9DE6-4409571F3C79}
		{8E4EA7BE-882B-41EB-96E3-0C2D086C9C12} = {94EE20BC-467F-46E7-9DE6-4409571F3C79}
		{DAFE641C-2943-4405-9BB2-9C2AB53862CC} = {54B5281C-9EBD-46D2-88F7-83442AD63B6F}
		{3099C609-1FAF-41F6-9E51-D73140551DD7} = {DAFE641C-2943-4405-9BB2-9C2AB53862CC}
	EndGlobalSection
	GlobalSection(ExtensibilityGlobals) = postSolution
		SolutionGuid = {C16617C8-1989-4359-AD3F-E11BE84606EA}
	EndGlobalSection
EndGlobal
